
Microsoft Visual Studio Solution File, Format Version 12.00
# Visual Studio 15
Project("{FAE04EC0-301F-11D3-BF4B-00C04F79EFBC}") = "UnityEngine.UI", "UnityEngine.UI.csproj", "{C827384A-E80D-8CE2-4053-478EC571208D}"
EndProject
Project("{FAE04EC0-301F-11D3-BF4B-00C04F79EFBC}") = "Assembly-CSharp", "Assembly-CSharp.csproj", "{B0D46A53-6E14-5F00-7C1F-F70552038558}"
EndProject
Project("{FAE04EC0-301F-11D3-BF4B-00C04F79EFBC}") = "UnityEditor.UI", "UnityEditor.UI.csproj", "{F2C9A2A7-EECC-91E0-4CA8-FD8C2A5CBA0F}"
EndProject
Global
	GlobalSection(SolutionConfigurationPlatforms) = preSolution
		Debug|Any CPU = Debug|Any CPU
		Release|Any CPU = Release|Any CPU
	EndGlobalSection
	GlobalSection(ProjectConfigurationPlatforms) = postSolution
		{C827384A-E80D-8CE2-4053-478EC571208D}.Debug|Any CPU.ActiveCfg = Debug|Any CPU
		{C827384A-E80D-8CE2-4053-478EC571208D}.Debug|Any CPU.Build.0 = Debug|Any CPU
		{C827384A-E80D-8CE2-4053-478EC571208D}.Release|Any CPU.ActiveCfg = Release|Any CPU
		{C827384A-E80D-8CE2-4053-478EC571208D}.Release|Any CPU.Build.0 = Release|Any CPU
		{B0D46A53-6E14-5F00-7C1F-F70552038558}.Debug|Any CPU.ActiveCfg = Debug|Any CPU
		{B0D46A53-6E14-5F00-7C1F-F70552038558}.Debug|Any CPU.Build.0 = Debug|Any CPU
		{B0D46A53-6E14-5F00-7C1F-F70552038558}.Release|Any CPU.ActiveCfg = Release|Any CPU
		{B0D46A53-6E14-5F00-7C1F-F70552038558}.Release|Any CPU.Build.0 = Release|Any CPU
		{F2C9A2A7-EECC-91E0-4CA8-FD8C2A5CBA0F}.Debug|Any CPU.ActiveCfg = Debug|Any CPU
		{F2C9A2A7-EECC-91E0-4CA8-FD8C2A5CBA0F}.Debug|Any CPU.Build.0 = Debug|Any CPU
		{F2C9A2A7-EECC-91E0-4CA8-FD8C2A5CBA0F}.Release|Any CPU.ActiveCfg = Release|Any CPU
		{F2C9A2A7-EECC-91E0-4CA8-FD8C2A5CBA0F}.Release|Any CPU.Build.0 = Release|Any CPU
	EndGlobalSection
	GlobalSection(SolutionProperties) = preSolution
		HideSolutionNode = FALSE
	EndGlobalSection
EndGlobal
